// !$*UTF8*$!
{
	archiveVersion = 1;
	classes = {
	};
	objectVersion = 46;
	objects = {

/* Begin PBXBuildFile section */
		740745A81F7F8ED500E51B53 /* UITableView+QHHook.m in Sources */ = {isa = PBXBuildFile; fileRef = 740745A71F7F8ED500E51B53 /* UITableView+QHHook.m */; };
		7410915B1F5FD0A1009996A1 /* QHHookUtil.m in Sources */ = {isa = PBXBuildFile; fileRef = 741091581F5FD0A1009996A1 /* QHHookUtil.m */; };
		7410915C1F5FD0A1009996A1 /* QHViewPathUtil.m in Sources */ = {isa = PBXBuildFile; fileRef = 7410915A1F5FD0A1009996A1 /* QHViewPathUtil.m */; };
		742F54DF1F61A7D000CE97BE /* UIViewController+QHHook.m in Sources */ = {isa = PBXBuildFile; fileRef = 742F54DE1F61A7D000CE97BE /* UIViewController+QHHook.m */; };
		742F54E21F61B2E800CE97BE /* UIApplication+QHHook.m in Sources */ = {isa = PBXBuildFile; fileRef = 742F54E11F61B2E800CE97BE /* UIApplication+QHHook.m */; };
		7464CDCF1F66E9E900A40BAC /* QHTableViewCell.xib in Resources */ = {isa = PBXBuildFile; fileRef = 7464CDCE1F66E9E900A40BAC /* QHTableViewCell.xib */; };
		7491B2951F5F01080056AF92 /* main.m in Sources */ = {isa = PBXBuildFile; fileRef = 7491B2941F5F01080056AF92 /* main.m */; };
		7491B2981F5F01080056AF92 /* AppDelegate.m in Sources */ = {isa = PBXBuildFile; fileRef = 7491B2971F5F01080056AF92 /* AppDelegate.m */; };
		7491B29C1F5F01080056AF92 /* QHTableRootViewController.m in Sources */ = {isa = PBXBuildFile; fileRef = 7491B29B1F5F01080056AF92 /* QHTableRootViewController.m */; };
		7491B29F1F5F01080056AF92 /* QHDetailRootViewController.m in Sources */ = {isa = PBXBuildFile; fileRef = 7491B29E1F5F01080056AF92 /* QHDetailRootViewController.m */; };
		7491B2A31F5F01080056AF92 /* QHTableSubViewController.m in Sources */ = {isa = PBXBuildFile; fileRef = 7491B2A21F5F01080056AF92 /* QHTableSubViewController.m */; };
		7491B2A51F5F01080056AF92 /* QHTableSubViewController.xib in Resources */ = {isa = PBXBuildFile; fileRef = 7491B2A41F5F01080056AF92 /* QHTableSubViewController.xib */; };
		7491B2A81F5F01080056AF92 /* ViewController.m in Sources */ = {isa = PBXBuildFile; fileRef = 7491B2A71F5F01080056AF92 /* ViewController.m */; };
		7491B2AB1F5F01080056AF92 /* Main.storyboard in Resources */ = {isa = PBXBuildFile; fileRef = 7491B2A91F5F01080056AF92 /* Main.storyboard */; };
		7491B2AD1F5F01080056AF92 /* Assets.xcassets in Resources */ = {isa = PBXBuildFile; fileRef = 7491B2AC1F5F01080056AF92 /* Assets.xcassets */; };
		7491B2B01F5F01080056AF92 /* LaunchScreen.storyboard in Resources */ = {isa = PBXBuildFile; fileRef = 7491B2AE1F5F01080056AF92 /* LaunchScreen.storyboard */; };
		74F8D97E1F70BAFB00504271 /* UIGestureRecognizer+QHHook.m in Sources */ = {isa = PBXBuildFile; fileRef = 74F8D97D1F70BAFB00504271 /* UIGestureRecognizer+QHHook.m */; };
/* End PBXBuildFile section */

/* Begin PBXFileReference section */
		740745A61F7F8ED500E51B53 /* UITableView+QHHook.h */ = {isa = PBXFileReference; fileEncoding = 4; lastKnownFileType = sourcecode.c.h; path = "UITableView+QHHook.h"; sourceTree = "<group>"; };
		740745A71F7F8ED500E51B53 /* UITableView+QHHook.m */ = {isa = PBXFileReference; fileEncoding = 4; lastKnownFileType = sourcecode.c.objc; path = "UITableView+QHHook.m"; sourceTree = "<group>"; };
		741091571F5FD0A1009996A1 /* QHHookUtil.h */ = {isa = PBXFileReference; fileEncoding = 4; lastKnownFileType = sourcecode.c.h; path = QHHookUtil.h; sourceTree = "<group>"; };
		741091581F5FD0A1009996A1 /* QHHookUtil.m */ = {isa = PBXFileReference; fileEncoding = 4; lastKnownFileType = sourcecode.c.objc; path = QHHookUtil.m; sourceTree = "<group>"; };
		741091591F5FD0A1009996A1 /* QHViewPathUtil.h */ = {isa = PBXFileReference; fileEncoding = 4; lastKnownFileType = sourcecode.c.h; path = QHViewPathUtil.h; sourceTree = "<group>"; };
		7410915A1F5FD0A1009996A1 /* QHViewPathUtil.m */ = {isa = PBXFileReference; fileEncoding = 4; lastKnownFileType = sourcecode.c.objc; path = QHViewPathUtil.m; sourceTree = "<group>"; };
		742F54DD1F61A7D000CE97BE /* UIViewController+QHHook.h */ = {isa = PBXFileReference; fileEncoding = 4; lastKnownFileType = sourcecode.c.h; path = "UIViewController+QHHook.h"; sourceTree = "<group>"; };
		742F54DE1F61A7D000CE97BE /* UIViewController+QHHook.m */ = {isa = PBXFileReference; fileEncoding = 4; lastKnownFileType = sourcecode.c.objc; path = "UIViewController+QHHook.m"; sourceTree = "<group>"; };
		742F54E01F61B2E800CE97BE /* UIApplication+QHHook.h */ = {isa = PBXFileReference; fileEncoding = 4; lastKnownFileType = sourcecode.c.h; path = "UIApplication+QHHook.h"; sourceTree = "<group>"; };
		742F54E11F61B2E800CE97BE /* UIApplication+QHHook.m */ = {isa = PBXFileReference; fileEncoding = 4; lastKnownFileType = sourcecode.c.objc; path = "UIApplication+QHHook.m"; sourceTree = "<group>"; };
		742F54E31F61B5E700CE97BE /* README.md */ = {isa = PBXFileReference; lastKnownFileType = net.daringfireball.markdown; path = README.md; sourceTree = SOURCE_ROOT; };
		7464CDCE1F66E9E900A40BAC /* QHTableViewCell.xib */ = {isa = PBXFileReference; fileEncoding = 4; lastKnownFileType = file.xib; path = QHTableViewCell.xib; sourceTree = "<group>"; };
		7491B2901F5F01080056AF92 /* QHHookEventDemo.app */ = {isa = PBXFileReference; explicitFileType = wrapper.application; includeInIndex = 0; path = QHHookEventDemo.app; sourceTree = BUILT_PRODUCTS_DIR; };
		7491B2941F5F01080056AF92 /* main.m */ = {isa = PBXFileReference; lastKnownFileType = sourcecode.c.objc; path = main.m; sourceTree = "<group>"; };
		7491B2961F5F01080056AF92 /* AppDelegate.h */ = {isa = PBXFileReference; lastKnownFileType = sourcecode.c.h; path = AppDelegate.h; sourceTree = "<group>"; };
		7491B2971F5F01080056AF92 /* AppDelegate.m */ = {isa = PBXFileReference; lastKnownFileType = sourcecode.c.objc; path = AppDelegate.m; sourceTree = "<group>"; };
		7491B29A1F5F01080056AF92 /* QHTableRootViewController.h */ = {isa = PBXFileReference; lastKnownFileType = sourcecode.c.h; name = QHTableRootViewController.h; path = QHTableController/QHTableRootViewController.h; sourceTree = "<group>"; };
		7491B29B1F5F01080056AF92 /* QHTableRootViewController.m */ = {isa = PBXFileReference; lastKnownFileType = sourcecode.c.objc; name = QHTableRootViewController.m; path = QHTableController/QHTableRootViewController.m; sourceTree = "<group>"; };
		7491B29D1F5F01080056AF92 /* QHDetailRootViewController.h */ = {isa = PBXFileReference; lastKnownFileType = sourcecode.c.h; name = QHDetailRootViewController.h; path = QHTableController/QHDetailRootViewController.h; sourceTree = "<group>"; };
		7491B29E1F5F01080056AF92 /* QHDetailRootViewController.m */ = {isa = PBXFileReference; lastKnownFileType = sourcecode.c.objc; name = QHDetailRootViewController.m; path = QHTableController/QHDetailRootViewController.m; sourceTree = "<group>"; };
		7491B2A11F5F01080056AF92 /* QHTableSubViewController.h */ = {isa = PBXFileReference; lastKnownFileType = sourcecode.c.h; name = QHTableSubViewController.h; path = QHTableSubController/QHTableSubViewController.h; sourceTree = "<group>"; };
		7491B2A21F5F01080056AF92 /* QHTableSubViewController.m */ = {isa = PBXFileReference; lastKnownFileType = sourcecode.c.objc; name = QHTableSubViewController.m; path = QHTableSubController/QHTableSubViewController.m; sourceTree = "<group>"; };
		7491B2A41F5F01080056AF92 /* QHTableSubViewController.xib */ = {isa = PBXFileReference; lastKnownFileType = file.xib; name = QHTableSubViewController.xib; path = QHTableSubController/QHTableSubViewController.xib; sourceTree = "<group>"; };
		7491B2A61F5F01080056AF92 /* ViewController.h */ = {isa = PBXFileReference; lastKnownFileType = sourcecode.c.h; path = ViewController.h; sourceTree = "<group>"; };
		7491B2A71F5F01080056AF92 /* ViewController.m */ = {isa = PBXFileReference; lastKnownFileType = sourcecode.c.objc; path = ViewController.m; sourceTree = "<group>"; };
		7491B2AA1F5F01080056AF92 /* Base */ = {isa = PBXFileReference; lastKnownFileType = file.storyboard; name = Base; path = Base.lproj/Main.storyboard; sourceTree = "<group>"; };
		7491B2AC1F5F01080056AF92 /* Assets.xcassets */ = {isa = PBXFileReference; lastKnownFileType = folder.assetcatalog; path = Assets.xcassets; sourceTree = "<group>"; };
		7491B2AF1F5F01080056AF92 /* Base */ = {isa = PBXFileReference; lastKnownFileType = file.storyboard; name = Base; path = Base.lproj/LaunchScreen.storyboard; sourceTree = "<group>"; };
		7491B2B11F5F01080056AF92 /* Info.plist */ = {isa = PBXFileReference; lastKnownFileType = text.plist.xml; path = Info.plist; sourceTree = "<group>"; };
		74F8D97C1F70BAFB00504271 /* UIGestureRecognizer+QHHook.h */ = {isa = PBXFileReference; fileEncoding = 4; lastKnownFileType = sourcecode.c.h; path = "UIGestureRecognizer+QHHook.h"; sourceTree = "<group>"; };
		74F8D97D1F70BAFB00504271 /* UIGestureRecognizer+QHHook.m */ = {isa = PBXFileReference; fileEncoding = 4; lastKnownFileType = sourcecode.c.objc; path = "UIGestureRecognizer+QHHook.m"; sourceTree = "<group>"; };
/* End PBXFileReference section */

/* Begin PBXFrameworksBuildPhase section */
		7491B28D1F5F01080056AF92 /* Frameworks */ = {
			isa = PBXFrameworksBuildPhase;
			buildActionMask = 2147483647;
			files = (
			);
			runOnlyForDeploymentPostprocessing = 0;
		};
/* End PBXFrameworksBuildPhase section */

/* Begin PBXGroup section */
		7410914F1F5FC68C009996A1 /* QHHookMan */ = {
			isa = PBXGroup;
			children = (
				742F54E31F61B5E700CE97BE /* README.md */,
				742F54DC1F61A3EC00CE97BE /* QHHookCategory */,
				741091571F5FD0A1009996A1 /* QHHookUtil.h */,
				741091581F5FD0A1009996A1 /* QHHookUtil.m */,
				741091591F5FD0A1009996A1 /* QHViewPathUtil.h */,
				7410915A1F5FD0A1009996A1 /* QHViewPathUtil.m */,
			);
			path = QHHookMan;
			sourceTree = "<group>";
		};
		742F54DC1F61A3EC00CE97BE /* QHHookCategory */ = {
			isa = PBXGroup;
			children = (
				742F54DD1F61A7D000CE97BE /* UIViewController+QHHook.h */,
				742F54DE1F61A7D000CE97BE /* UIViewController+QHHook.m */,
				742F54E01F61B2E800CE97BE /* UIApplication+QHHook.h */,
				742F54E11F61B2E800CE97BE /* UIApplication+QHHook.m */,
				74F8D97C1F70BAFB00504271 /* UIGestureRecognizer+QHHook.h */,
				74F8D97D1F70BAFB00504271 /* UIGestureRecognizer+QHHook.m */,
				740745A61F7F8ED500E51B53 /* UITableView+QHHook.h */,
				740745A71F7F8ED500E51B53 /* UITableView+QHHook.m */,
			);
			path = QHHookCategory;
			sourceTree = "<group>";
		};
		7491B2871F5F01080056AF92 = {
			isa = PBXGroup;
			children = (
				7491B2921F5F01080056AF92 /* QHHookEventDemo */,
				7491B2911F5F01080056AF92 /* Products */,
			);
			sourceTree = "<group>";
		};
		7491B2911F5F01080056AF92 /* Products */ = {
			isa = PBXGroup;
			children = (
				7491B2901F5F01080056AF92 /* QHHookEventDemo.app */,
			);
			name = Products;
			sourceTree = "<group>";
		};
		7491B2921F5F01080056AF92 /* QHHookEventDemo */ = {
			isa = PBXGroup;
			children = (
				7410914F1F5FC68C009996A1 /* QHHookMan */,
				7491B2961F5F01080056AF92 /* AppDelegate.h */,
				7491B2971F5F01080056AF92 /* AppDelegate.m */,
				7491B2A61F5F01080056AF92 /* ViewController.h */,
				7491B2A71F5F01080056AF92 /* ViewController.m */,
				7491B2A91F5F01080056AF92 /* Main.storyboard */,
				7491B2AC1F5F01080056AF92 /* Assets.xcassets */,
				7491B2AE1F5F01080056AF92 /* LaunchScreen.storyboard */,
				7491B2B11F5F01080056AF92 /* Info.plist */,
				7491B2991F5F01080056AF92 /* QHTableController */,
				7491B2A01F5F01080056AF92 /* QHTableSubController */,
				7491B2931F5F01080056AF92 /* Supporting Files */,
			);
			path = QHHookEventDemo;
			sourceTree = "<group>";
		};
		7491B2931F5F01080056AF92 /* Supporting Files */ = {
			isa = PBXGroup;
			children = (
				7491B2941F5F01080056AF92 /* main.m */,
			);
			name = "Supporting Files";
			sourceTree = "<group>";
		};
		7491B2991F5F01080056AF92 /* QHTableController */ = {
			isa = PBXGroup;
			children = (
				7491B29A1F5F01080056AF92 /* QHTableRootViewController.h */,
				7491B29B1F5F01080056AF92 /* QHTableRootViewController.m */,
				7491B29D1F5F01080056AF92 /* QHDetailRootViewController.h */,
				7491B29E1F5F01080056AF92 /* QHDetailRootViewController.m */,
			);
			name = QHTableController;
			sourceTree = "<group>";
		};
		7491B2A01F5F01080056AF92 /* QHTableSubController */ = {
			isa = PBXGroup;
			children = (
				7491B2A11F5F01080056AF92 /* QHTableSubViewController.h */,
				7491B2A21F5F01080056AF92 /* QHTableSubViewController.m */,
				7491B2A41F5F01080056AF92 /* QHTableSubViewController.xib */,
				7464CDCE1F66E9E900A40BAC /* QHTableViewCell.xib */,
			);
			name = QHTableSubController;
			sourceTree = "<group>";
		};
/* End PBXGroup section */

/* Begin PBXNativeTarget section */
		7491B28F1F5F01080056AF92 /* QHHookEventDemo */ = {
			isa = PBXNativeTarget;
			buildConfigurationList = 7491B2B41F5F01080056AF92 /* Build configuration list for PBXNativeTarget "QHHookEventDemo" */;
			buildPhases = (
				7491B28C1F5F01080056AF92 /* Sources */,
				7491B28D1F5F01080056AF92 /* Frameworks */,
				7491B28E1F5F01080056AF92 /* Resources */,
			);
			buildRules = (
			);
			dependencies = (
			);
			name = QHHookEventDemo;
			productName = QHHookEventDemo;
			productReference = 7491B2901F5F01080056AF92 /* QHHookEventDemo.app */;
			productType = "com.apple.product-type.application";
		};
/* End PBXNativeTarget section */

/* Begin PBXProject section */
		7491B2881F5F01080056AF92 /* Project object */ = {
			isa = PBXProject;
			attributes = {
				LastUpgradeCheck = 0830;
				ORGANIZATIONNAME = "AnakinChen Network Technology";
				TargetAttributes = {
					7491B28F1F5F01080056AF92 = {
						CreatedOnToolsVersion = 8.3.2;
						DevelopmentTeam = JC9Y4K55DX;
						ProvisioningStyle = Automatic;
					};
				};
			};
			buildConfigurationList = 7491B28B1F5F01080056AF92 /* Build configuration list for PBXProject "QHHookEventDemo" */;
			compatibilityVersion = "Xcode 3.2";
			developmentRegion = English;
			hasScannedForEncodings = 0;
			knownRegions = (
				en,
				Base,
			);
			mainGroup = 7491B2871F5F01080056AF92;
			productRefGroup = 7491B2911F5F01080056AF92 /* Products */;
			projectDirPath = "";
			projectRoot = "";
			targets = (
				7491B28F1F5F01080056AF92 /* QHHookEventDemo */,
			);
		};
/* End PBXProject section */

/* Begin PBXResourcesBuildPhase section */
		7491B28E1F5F01080056AF92 /* Resources */ = {
			isa = PBXResourcesBuildPhase;
			buildActionMask = 2147483647;
			files = (
				7491B2A51F5F01080056AF92 /* QHTableSubViewController.xib in Resources */,
				7491B2B01F5F01080056AF92 /* LaunchScreen.storyboard in Resources */,
				7491B2AD1F5F01080056AF92 /* Assets.xcassets in Resources */,
				7491B2AB1F5F01080056AF92 /* Main.storyboard in Resources */,
				7464CDCF1F66E9E900A40BAC /* QHTableViewCell.xib in Resources */,
			);
			runOnlyForDeploymentPostprocessing = 0;
		};
/* End PBXResourcesBuildPhase section */

/* Begin PBXSourcesBuildPhase section */
		7491B28C1F5F01080056AF92 /* Sources */ = {
			isa = PBXSourcesBuildPhase;
			buildActionMask = 2147483647;
			files = (
				74F8D97E1F70BAFB00504271 /* UIGestureRecognizer+QHHook.m in Sources */,
				7491B2A81F5F01080056AF92 /* ViewController.m in Sources */,
				7491B2981F5F01080056AF92 /* AppDelegate.m in Sources */,
				742F54E21F61B2E800CE97BE /* UIApplication+QHHook.m in Sources */,
				7410915C1F5FD0A1009996A1 /* QHViewPathUtil.m in Sources */,
				7410915B1F5FD0A1009996A1 /* QHHookUtil.m in Sources */,
				7491B29C1F5F01080056AF92 /* QHTableRootViewController.m in Sources */,
				7491B29F1F5F01080056AF92 /* QHDetailRootViewController.m in Sources */,
				742F54DF1F61A7D000CE97BE /* UIViewController+QHHook.m in Sources */,
				740745A81F7F8ED500E51B53 /* UITableView+QHHook.m in Sources */,
				7491B2951F5F01080056AF92 /* main.m in Sources */,
				7491B2A31F5F01080056AF92 /* QHTableSubViewController.m in Sources */,
			);
			runOnlyForDeploymentPostprocessing = 0;
		};
/* End PBXSourcesBuildPhase section */

/* Begin PBXVariantGroup section */
		7491B2A91F5F01080056AF92 /* Main.storyboard */ = {
			isa = PBXVariantGroup;
			children = (
				7491B2AA1F5F01080056AF92 /* Base */,
			);
			name = Main.storyboard;
			sourceTree = "<group>";
		};
		7491B2AE1F5F01080056AF92 /* LaunchScreen.storyboard */ = {
			isa = PBXVariantGroup;
			children = (
				7491B2AF1F5F01080056AF92 /* Base */,
			);
			name = LaunchScreen.storyboard;
			sourceTree = "<group>";
		};
/* End PBXVariantGroup section */

/* Begin XCBuildConfiguration section */
		7491B2B21F5F01080056AF92 /* Debug */ = {
			isa = XCBuildConfiguration;
			buildSettings = {
				ALWAYS_SEARCH_USER_PATHS = NO;
				CLANG_ANALYZER_NONNULL = YES;
				CLANG_ANALYZER_NUMBER_OBJECT_CONVERSION = YES_AGGRESSIVE;
				CLANG_CXX_LANGUAGE_STANDARD = "gnu++0x";
				CLANG_CXX_LIBRARY = "libc++";
				CLANG_ENABLE_MODULES = YES;
				CLANG_ENABLE_OBJC_ARC = YES;
				CLANG_WARN_BOOL_CONVERSION = YES;
				CLANG_WARN_CONSTANT_CONVERSION = YES;
				CLANG_WARN_DIRECT_OBJC_ISA_USAGE = YES_ERROR;
				CLANG_WARN_DOCUMENTATION_COMMENTS = YES;
				CLANG_WARN_EMPTY_BODY = YES;
				CLANG_WARN_ENUM_CONVERSION = YES;
				CLANG_WARN_INFINITE_RECURSION = YES;
				CLANG_WARN_INT_CONVERSION = YES;
				CLANG_WARN_OBJC_ROOT_CLASS = YES_ERROR;
				CLANG_WARN_SUSPICIOUS_MOVE = YES;
				CLANG_WARN_UNREACHABLE_CODE = YES;
				CLANG_WARN__DUPLICATE_METHOD_MATCH = YES;
				"CODE_SIGN_IDENTITY[sdk=iphoneos*]" = "iPhone Developer";
				COPY_PHASE_STRIP = NO;
				DEBUG_INFORMATION_FORMAT = dwarf;
				ENABLE_STRICT_OBJC_MSGSEND = YES;
				ENABLE_TESTABILITY = YES;
				GCC_C_LANGUAGE_STANDARD = gnu99;
				GCC_DYNAMIC_NO_PIC = NO;
				GCC_NO_COMMON_BLOCKS = YES;
				GCC_OPTIMIZATION_LEVEL = 0;
				GCC_PREPROCESSOR_DEFINITIONS = (
					"DEBUG=1",
					"$(inherited)",
				);
				GCC_WARN_64_TO_32_BIT_CONVERSION = YES;
				GCC_WARN_ABOUT_RETURN_TYPE = YES_ERROR;
				GCC_WARN_UNDECLARED_SELECTOR = YES;
				GCC_WARN_UNINITIALIZED_AUTOS = YES_AGGRESSIVE;
				GCC_WARN_UNUSED_FUNCTION = YES;
				GCC_WARN_UNUSED_VARIABLE = YES;
				IPHONEOS_DEPLOYMENT_TARGET = 10.3;
				MTL_ENABLE_DEBUG_INFO = YES;
				ONLY_ACTIVE_ARCH = YES;
				SDKROOT = iphoneos;
				TARGETED_DEVICE_FAMILY = "1,2";
			};
			name = Debug;
		};
		7491B2B31F5F01080056AF92 /* Release */ = {
			isa = XCBuildConfiguration;
			buildSettings = {
				ALWAYS_SEARCH_USER_PATHS = NO;
				CLANG_ANALYZER_NONNULL = YES;
				CLANG_ANALYZER_NUMBER_OBJECT_CONVERSION = YES_AGGRESSIVE;
				CLANG_CXX_LANGUAGE_STANDARD = "gnu++0x";
				CLANG_CXX_LIBRARY = "libc++";
				CLANG_ENABLE_MODULES = YES;
				CLANG_ENABLE_OBJC_ARC = YES;
				CLANG_WARN_BOOL_CONVERSION = YES;
				CLANG_WARN_CONSTANT_CONVERSION = YES;
				CLANG_WARN_DIRECT_OBJC_ISA_USAGE = YES_ERROR;
				CLANG_WARN_DOCUMENTATION_COMMENTS = YES;
				CLANG_WARN_EMPTY_BODY = YES;
				CLANG_WARN_ENUM_CONVERSION = YES;
				CLANG_WARN_INFINITE_RECURSION = YES;
				CLANG_WARN_INT_CONVERSION = YES;
				CLANG_WARN_OBJC_ROOT_CLASS = YES_ERROR;
				CLANG_WARN_SUSPICIOUS_MOVE = YES;
				CLANG_WARN_UNREACHABLE_CODE = YES;
				CLANG_WARN__DUPLICATE_METHOD_MATCH = YES;
				"CODE_SIGN_IDENTITY[sdk=iphoneos*]" = "iPhone Developer";
				COPY_PHASE_STRIP = NO;
				DEBUG_INFORMATION_FORMAT = "dwarf-with-dsym";
				ENABLE_NS_ASSERTIONS = NO;
				ENABLE_STRICT_OBJC_MSGSEND = YES;
				GCC_C_LANGUAGE_STANDARD = gnu99;
				GCC_NO_COMMON_BLOCKS = YES;
				GCC_WARN_64_TO_32_BIT_CONVERSION = YES;
				GCC_WARN_ABOUT_RETURN_TYPE = YES_ERROR;
				GCC_WARN_UNDECLARED_SELECTOR = YES;
				GCC_WARN_UNINITIALIZED_AUTOS = YES_AGGRESSIVE;
				GCC_WARN_UNUSED_FUNCTION = YES;
				GCC_WARN_UNUSED_VARIABLE = YES;
				IPHONEOS_DEPLOYMENT_TARGET = 10.3;
				MTL_ENABLE_DEBUG_INFO = NO;
				SDKROOT = iphoneos;
				TARGETED_DEVICE_FAMILY = "1,2";
				VALIDATE_PRODUCT = YES;
			};
			name = Release;
		};
		7491B2B51F5F01080056AF92 /* Debug */ = {
			isa = XCBuildConfiguration;
			buildSettings = {
				ASSETCATALOG_COMPILER_APPICON_NAME = AppIcon;
				DEVELOPMENT_TEAM = JC9Y4K55DX;
				INFOPLIST_FILE = QHHookEventDemo/Info.plist;
				LD_RUNPATH_SEARCH_PATHS = "$(inherited) @executable_path/Frameworks";
				PRODUCT_BUNDLE_IDENTIFIER = com.chen.QHHookEventDemo;
				PRODUCT_NAME = "$(TARGET_NAME)";
			};
			name = Debug;
		};
		7491B2B61F5F01080056AF92 /* Release */ = {
			isa = XCBuildConfiguration;
			buildSettings = {
				ASSETCATALOG_COMPILER_APPICON_NAME = AppIcon;
				DEVELOPMENT_TEAM = JC9Y4K55DX;
				INFOPLIST_FILE = QHHookEventDemo/Info.plist;
				LD_RUNPATH_SEARCH_PATHS = "$(inherited) @executable_path/Frameworks";
				PRODUCT_BUNDLE_IDENTIFIER = com.chen.QHHookEventDemo;
				PRODUCT_NAME = "$(TARGET_NAME)";
			};
			name = Release;
		};
/* End XCBuildConfiguration section */

/* Begin XCConfigurationList section */
		7491B28B1F5F01080056AF92 /* Build configuration list for PBXProject "QHHookEventDemo" */ = {
			isa = XCConfigurationList;
			buildConfigurations = (
				7491B2B21F5F01080056AF92 /* Debug */,
				7491B2B31F5F01080056AF92 /* Release */,
			);
			defaultConfigurationIsVisible = 0;
			defaultConfigurationName = Release;
		};
		7491B2B41F5F01080056AF92 /* Build configuration list for PBXNativeTarget "QHHookEventDemo" */ = {
			isa = XCConfigurationList;
			buildConfigurations = (
				7491B2B51F5F01080056AF92 /* Debug */,
				7491B2B61F5F01080056AF92 /* Release */,
			);
			defaultConfigurationIsVisible = 0;
			defaultConfigurationName = Release;
		};
/* End XCConfigurationList section */
	};
	rootObject = 7491B2881F5F01080056AF92 /* Project object */;
}
